
Microsoft Visual Studio Solution File, Format Version 12.00
# Visual Studio Version 16
VisualStudioVersion = 16.0.30413.136
MinimumVisualStudioVersion = 10.0.40219.1
Project("{9A19103F-16F7-4668-BE54-9A1E7A4F7556}") = "PDFiumCoreBindingsGenerator", "PDFiumCoreBindingsGenerator\PDFiumCoreBindingsGenerator.csproj", "{E7E472C6-A024-4CA9-BB40-90538B6D9781}"
EndProject
Project("{9A19103F-16F7-4668-BE54-9A1E7A4F7556}") = "PDFiumCore", "PDFiumCore\PDFiumCore.csproj", "{95F93950-EFB7-47DA-B539-DFB28155F39B}"
EndProject
Project("{2150E333-8FDC-42A3-9474-1A3956D46DE8}") = "Solution Items", "Solution Items", "{BC610BB3-8A83-44D2-A217-54B918CCA828}"
	ProjectSection(SolutionItems) = preProject
		Directory.Build.props = Directory.Build.props
	EndProjectSection
EndProject
Project("{9A19103F-16F7-4668-BE54-9A1E7A4F7556}") = "PDFiumCore.Tests", "PDFiumCore.Tests\PDFiumCore.Tests.csproj", "{FE6A591C-F07C-40BD-B2BE-99782697A98F}"
EndProject
Project("{FAE04EC0-301F-11D3-BF4B-00C04F79EFBC}") = "PDFiumCoreDemo", "PDFiumCoreDemo\PDFiumCoreDemo.csproj", "{2B264058-A177-4C51-A2F6-7CD2E8C40AB2}"
EndProject
Global
	GlobalSection(SolutionConfigurationPlatforms) = preSolution
		Debug|Any CPU = Debug|Any CPU
		Release|Any CPU = Release|Any CPU
	EndGlobalSection
	GlobalSection(ProjectConfigurationPlatforms) = postSolution
		{E7E472C6-A024-4CA9-BB40-90538B6D9781}.Debug|Any CPU.ActiveCfg = Debug|Any CPU
		{E7E472C6-A024-4CA9-BB40-90538B6D9781}.Debug|Any CPU.Build.0 = Debug|Any CPU
		{E7E472C6-A024-4CA9-BB40-90538B6D9781}.Release|Any CPU.ActiveCfg = Release|Any CPU
		{E7E472C6-A024-4CA9-BB40-90538B6D9781}.Release|Any CPU.Build.0 = Release|Any CPU
		{95F93950-EFB7-47DA-B539-DFB28155F39B}.Debug|Any CPU.ActiveCfg = Debug|Any CPU
		{95F93950-EFB7-47DA-B539-DFB28155F39B}.Debug|Any CPU.Build.0 = Debug|Any CPU
		{95F93950-EFB7-47DA-B539-DFB28155F39B}.Release|Any CPU.ActiveCfg = Release|Any CPU
		{95F93950-EFB7-47DA-B539-DFB28155F39B}.Release|Any CPU.Build.0 = Release|Any CPU
		{FE6A591C-F07C-40BD-B2BE-99782697A98F}.Debug|Any CPU.ActiveCfg = Debug|Any CPU
		{FE6A591C-F07C-40BD-B2BE-99782697A98F}.Debug|Any CPU.Build.0 = Debug|Any CPU
		{FE6A591C-F07C-40BD-B2BE-99782697A98F}.Release|Any CPU.ActiveCfg = Release|Any CPU
		{FE6A591C-F07C-40BD-B2BE-99782697A98F}.Release|Any CPU.Build.0 = Release|Any CPU
		{2B264058-A177-4C51-A2F6-7CD2E8C40AB2}.Debug|Any CPU.ActiveCfg = Debug|Any CPU
		{2B264058-A177-4C51-A2F6-7CD2E8C40AB2}.Debug|Any CPU.Build.0 = Debug|Any CPU
		{2B264058-A177-4C51-A2F6-7CD2E8C40AB2}.Release|Any CPU.ActiveCfg = Release|Any CPU
		{2B264058-A177-4C51-A2F6-7CD2E8C40AB2}.Release|Any CPU.Build.0 = Release|Any CPU
	EndGlobalSection
	GlobalSection(SolutionProperties) = preSolution
		HideSolutionNode = FALSE
	EndGlobalSection
	GlobalSection(ExtensibilityGlobals) = postSolution
		SolutionGuid = {7762582E-0386-40D3-8B62-690FA06D560E}
	EndGlobalSection
EndGlobal
